{
  "requires": true,
  "lockfileVersion": 1,
  "dependencies": {
    "tiddlywiki": {
      "version": "5.1.21",
      "resolved": "https://registry.npmjs.org/tiddlywiki/-/tiddlywiki-5.1.21.tgz",
      "integrity": "sha512-VuBK9N2u9ttPcaHCh4NmRX3YYB2tMPoIKCHhfNaJ62VGQj8ozmVD+PkvP/w7R50g6HaZtaSsqUJj26gRTIBa6w==",
      "dev": true
    }
  }
}
